
Microsoft Visual Studio Solution File, Format Version 12.00
# Visual Studio 15
VisualStudioVersion = 15.0.28307.902
MinimumVisualStudioVersion = 10.0.40219.1
Project("{9A19103F-16F7-4668-BE54-9A1E7A4F7556}") = "MatomoDeviceDetector.NET.Web", "MatomoDeviceDetector.NET.Web.csproj", "{AFDF3439-9D13-4BEE-86C3-F54237B1FB6A}"
EndProject
Global
	GlobalSection(SolutionConfigurationPlatforms) = preSolution
		Debug|Any CPU = Debug|Any CPU
		Release|Any CPU = Release|Any CPU
	EndGlobalSection
	GlobalSection(ProjectConfigurationPlatforms) = postSolution
		{AFDF3439-9D13-4BEE-86C3-F54237B1FB6A}.Debug|Any CPU.ActiveCfg = Debug|Any CPU
		{AFDF3439-9D13-4BEE-86C3-F54237B1FB6A}.Debug|Any CPU.Build.0 = Debug|Any CPU
		{AFDF3439-9D13-4BEE-86C3-F54237B1FB6A}.Release|Any CPU.ActiveCfg = Release|Any CPU
		{AFDF3439-9D13-4BEE-86C3-F54237B1FB6A}.Release|Any CPU.Build.0 = Release|Any CPU
	EndGlobalSection
	GlobalSection(SolutionProperties) = preSolution
		HideSolutionNode = FALSE
	EndGlobalSection
	GlobalSection(ExtensibilityGlobals) = postSolution
		SolutionGuid = {50AA6BAF-C9DA-49A0-A8B7-5A2A6657A2EF}
	EndGlobalSection
EndGlobal
